// !$*UTF8*$!
{
	archiveVersion = 1;
	classes = {
	};
	objectVersion = 46;
	objects = {

/* Begin PBXBuildFile section */
		270BA99719FD04970066528B /* README.md in Sources */ = {isa = PBXBuildFile; fileRef = 270BA99619FD04970066528B /* README.md */; };
		270BA9A019FD18CB0066528B /* GLKitPolyfill.m in Sources */ = {isa = PBXBuildFile; fileRef = 270BA99F19FD18CB0066528B /* GLKitPolyfill.m */; };
		278DAE4919FCAEC500EB804B /* AppDelegate.swift in Sources */ = {isa = PBXBuildFile; fileRef = 278DAE4819FCAEC500EB804B /* AppDelegate.swift */; };
		278DAE4E19FCAEC500EB804B /* ViewController.swift in Sources */ = {isa = PBXBuildFile; fileRef = 278DAE4D19FCAEC500EB804B /* ViewController.swift */; };
		278DAE5119FCAEC500EB804B /* Main.storyboard in Resources */ = {isa = PBXBuildFile; fileRef = 278DAE4F19FCAEC500EB804B /* Main.storyboard */; };
		278DAE5319FCAEC500EB804B /* Images.xcassets in Resources */ = {isa = PBXBuildFile; fileRef = 278DAE5219FCAEC500EB804B /* Images.xcassets */; };
		278DAE5619FCAEC500EB804B /* LaunchScreen.xib in Resources */ = {isa = PBXBuildFile; fileRef = 278DAE5419FCAEC500EB804B /* LaunchScreen.xib */; };
		3B52340AFD4AD5C6208DB96A /* Pods_HelloMyoSwift.framework in Frameworks */ = {isa = PBXBuildFile; fileRef = AA81DB2B6DA664374BB4558D /* Pods_HelloMyoSwift.framework */; };
		B0F48B9A1C54347F003E51C4 /* CoreBluetooth.framework in Frameworks */ = {isa = PBXBuildFile; fileRef = B0F48B991C54347F003E51C4 /* CoreBluetooth.framework */; };
		B0F48B9C1C543485003E51C4 /* SystemConfiguration.framework in Frameworks */ = {isa = PBXBuildFile; fileRef = B0F48B9B1C543485003E51C4 /* SystemConfiguration.framework */; };
		B0F48BC81C543907003E51C4 /* MyoKit.framework in Frameworks */ = {isa = PBXBuildFile; fileRef = B0F48BC71C543907003E51C4 /* MyoKit.framework */; };
/* End PBXBuildFile section */

/* Begin PBXFileReference section */
		270BA99619FD04970066528B /* README.md */ = {isa = PBXFileReference; fileEncoding = 4; lastKnownFileType = net.daringfireball.markdown; path = README.md; sourceTree = "<group>"; };
		270BA99E19FD18CB0066528B /* GLKitPolyfill.h */ = {isa = PBXFileReference; fileEncoding = 4; lastKnownFileType = sourcecode.c.h; path = GLKitPolyfill.h; sourceTree = "<group>"; };
		270BA99F19FD18CB0066528B /* GLKitPolyfill.m */ = {isa = PBXFileReference; fileEncoding = 4; lastKnownFileType = sourcecode.c.objc; path = GLKitPolyfill.m; sourceTree = "<group>"; };
		278DAE4319FCAEC500EB804B /* HelloMyoSwift.app */ = {isa = PBXFileReference; explicitFileType = wrapper.application; includeInIndex = 0; path = HelloMyoSwift.app; sourceTree = BUILT_PRODUCTS_DIR; };
		278DAE4719FCAEC500EB804B /* Info.plist */ = {isa = PBXFileReference; lastKnownFileType = text.plist.xml; path = Info.plist; sourceTree = "<group>"; };
		278DAE4819FCAEC500EB804B /* AppDelegate.swift */ = {isa = PBXFileReference; lastKnownFileType = sourcecode.swift; path = AppDelegate.swift; sourceTree = "<group>"; };
		278DAE4D19FCAEC500EB804B /* ViewController.swift */ = {isa = PBXFileReference; lastKnownFileType = sourcecode.swift; path = ViewController.swift; sourceTree = "<group>"; };
		278DAE5019FCAEC500EB804B /* Base */ = {isa = PBXFileReference; lastKnownFileType = file.storyboard; name = Base; path = Base.lproj/Main.storyboard; sourceTree = "<group>"; };
		278DAE5219FCAEC500EB804B /* Images.xcassets */ = {isa = PBXFileReference; lastKnownFileType = folder.assetcatalog; path = Images.xcassets; sourceTree = "<group>"; };
		278DAE5519FCAEC500EB804B /* Base */ = {isa = PBXFileReference; lastKnownFileType = file.xib; name = Base; path = Base.lproj/LaunchScreen.xib; sourceTree = "<group>"; };
		4279A39FA17BDF918B6F1A3F /* Pods-HelloMyoSwift.release.xcconfig */ = {isa = PBXFileReference; includeInIndex = 1; lastKnownFileType = text.xcconfig; name = "Pods-HelloMyoSwift.release.xcconfig"; path = "Pods/Target Support Files/Pods-HelloMyoSwift/Pods-HelloMyoSwift.release.xcconfig"; sourceTree = "<group>"; };
		8C187AF24E8B9C6EA4055D31 /* Pods-HelloMyoSwift.debug.xcconfig */ = {isa = PBXFileReference; includeInIndex = 1; lastKnownFileType = text.xcconfig; name = "Pods-HelloMyoSwift.debug.xcconfig"; path = "Pods/Target Support Files/Pods-HelloMyoSwift/Pods-HelloMyoSwift.debug.xcconfig"; sourceTree = "<group>"; };
		AA81DB2B6DA664374BB4558D /* Pods_HelloMyoSwift.framework */ = {isa = PBXFileReference; explicitFileType = wrapper.framework; includeInIndex = 0; path = Pods_HelloMyoSwift.framework; sourceTree = BUILT_PRODUCTS_DIR; };
		B0F48B991C54347F003E51C4 /* CoreBluetooth.framework */ = {isa = PBXFileReference; lastKnownFileType = wrapper.framework; name = CoreBluetooth.framework; path = System/Library/Frameworks/CoreBluetooth.framework; sourceTree = SDKROOT; };
		B0F48B9B1C543485003E51C4 /* SystemConfiguration.framework */ = {isa = PBXFileReference; lastKnownFileType = wrapper.framework; name = SystemConfiguration.framework; path = System/Library/Frameworks/SystemConfiguration.framework; sourceTree = SDKROOT; };
		B0F48B9D1C5434C4003E51C4 /* HelloMyoSwift-Bridging-Header.h */ = {isa = PBXFileReference; lastKnownFileType = sourcecode.c.h; path = "HelloMyoSwift-Bridging-Header.h"; sourceTree = "<group>"; };
		B0F48BC71C543907003E51C4 /* MyoKit.framework */ = {isa = PBXFileReference; lastKnownFileType = wrapper.framework; name = MyoKit.framework; path = HelloMyoSwift/MyoKit.framework; sourceTree = "<group>"; };
/* End PBXFileReference section */

/* Begin PBXFrameworksBuildPhase section */
		278DAE4019FCAEC500EB804B /* Frameworks */ = {
			isa = PBXFrameworksBuildPhase;
			buildActionMask = 2147483647;
			files = (
				B0F48B9C1C543485003E51C4 /* SystemConfiguration.framework in Frameworks */,
				B0F48BC81C543907003E51C4 /* MyoKit.framework in Frameworks */,
				B0F48B9A1C54347F003E51C4 /* CoreBluetooth.framework in Frameworks */,
				3B52340AFD4AD5C6208DB96A /* Pods_HelloMyoSwift.framework in Frameworks */,
			);
			runOnlyForDeploymentPostprocessing = 0;
		};
/* End PBXFrameworksBuildPhase section */

/* Begin PBXGroup section */
		278DAE3A19FCAEC500EB804B = {
			isa = PBXGroup;
			children = (
				270BA99619FD04970066528B /* README.md */,
				B0F48B9D1C5434C4003E51C4 /* HelloMyoSwift-Bridging-Header.h */,
				278DAE4519FCAEC500EB804B /* HelloMyoSwift */,
				278DAE4419FCAEC500EB804B /* Products */,
				8AFF1003E13A87D48903FBD2 /* Frameworks */,
				7ABD1E28A1377C92EE8B27C6 /* Pods */,
			);
			sourceTree = "<group>";
		};
		278DAE4419FCAEC500EB804B /* Products */ = {
			isa = PBXGroup;
			children = (
				278DAE4319FCAEC500EB804B /* HelloMyoSwift.app */,
			);
			name = Products;
			sourceTree = "<group>";
		};
		278DAE4519FCAEC500EB804B /* HelloMyoSwift */ = {
			isa = PBXGroup;
			children = (
				270BA99E19FD18CB0066528B /* GLKitPolyfill.h */,
				270BA99F19FD18CB0066528B /* GLKitPolyfill.m */,
				278DAE4819FCAEC500EB804B /* AppDelegate.swift */,
				278DAE4D19FCAEC500EB804B /* ViewController.swift */,
				278DAE4F19FCAEC500EB804B /* Main.storyboard */,
				278DAE5219FCAEC500EB804B /* Images.xcassets */,
				278DAE5419FCAEC500EB804B /* LaunchScreen.xib */,
				278DAE4619FCAEC500EB804B /* Supporting Files */,
			);
			path = HelloMyoSwift;
			sourceTree = "<group>";
		};
		278DAE4619FCAEC500EB804B /* Supporting Files */ = {
			isa = PBXGroup;
			children = (
				278DAE4719FCAEC500EB804B /* Info.plist */,
			);
			name = "Supporting Files";
			sourceTree = "<group>";
		};
		7ABD1E28A1377C92EE8B27C6 /* Pods */ = {
			isa = PBXGroup;
			children = (
				8C187AF24E8B9C6EA4055D31 /* Pods-HelloMyoSwift.debug.xcconfig */,
				4279A39FA17BDF918B6F1A3F /* Pods-HelloMyoSwift.release.xcconfig */,
			);
			name = Pods;
			sourceTree = "<group>";
		};
		8AFF1003E13A87D48903FBD2 /* Frameworks */ = {
			isa = PBXGroup;
			children = (
				B0F48BC71C543907003E51C4 /* MyoKit.framework */,
				B0F48B9B1C543485003E51C4 /* SystemConfiguration.framework */,
				B0F48B991C54347F003E51C4 /* CoreBluetooth.framework */,
				AA81DB2B6DA664374BB4558D /* Pods_HelloMyoSwift.framework */,
			);
			name = Frameworks;
			sourceTree = "<group>";
		};
/* End PBXGroup section */

/* Begin PBXNativeTarget section */
		278DAE4219FCAEC500EB804B /* HelloMyoSwift */ = {
			isa = PBXNativeTarget;
			buildConfigurationList = 278DAE6519FCAEC500EB804B /* Build configuration list for PBXNativeTarget "HelloMyoSwift" */;
			buildPhases = (
				6039143AA5F5ED11D160CB38 /* Check Pods Manifest.lock */,
				278DAE3F19FCAEC500EB804B /* Sources */,
				278DAE4019FCAEC500EB804B /* Frameworks */,
				278DAE4119FCAEC500EB804B /* Resources */,
				2EB8F46DEB35410AE85DC26F /* Embed Pods Frameworks */,
				86CFD56E42886DA0A94B23DD /* Copy Pods Resources */,
			);
			buildRules = (
			);
			dependencies = (
			);
			name = HelloMyoSwift;
			productName = HelloMyoSwift;
			productReference = 278DAE4319FCAEC500EB804B /* HelloMyoSwift.app */;
			productType = "com.apple.product-type.application";
		};
/* End PBXNativeTarget section */

/* Begin PBXProject section */
		278DAE3B19FCAEC500EB804B /* Project object */ = {
			isa = PBXProject;
			attributes = {
				LastSwiftMigration = 0720;
				LastSwiftUpdateCheck = 0720;
				LastUpgradeCheck = 0610;
				ORGANIZATIONNAME = "Michael Yagudaev";
				TargetAttributes = {
					278DAE4219FCAEC500EB804B = {
						CreatedOnToolsVersion = 6.1;
					};
				};
			};
			buildConfigurationList = 278DAE3E19FCAEC500EB804B /* Build configuration list for PBXProject "HelloMyoSwift" */;
			compatibilityVersion = "Xcode 3.2";
			developmentRegion = English;
			hasScannedForEncodings = 0;
			knownRegions = (
				en,
				Base,
			);
			mainGroup = 278DAE3A19FCAEC500EB804B;
			productRefGroup = 278DAE4419FCAEC500EB804B /* Products */;
			projectDirPath = "";
			projectRoot = "";
			targets = (
				278DAE4219FCAEC500EB804B /* HelloMyoSwift */,
			);
		};
/* End PBXProject section */

/* Begin PBXResourcesBuildPhase section */
		278DAE4119FCAEC500EB804B /* Resources */ = {
			isa = PBXResourcesBuildPhase;
			buildActionMask = 2147483647;
			files = (
				278DAE5119FCAEC500EB804B /* Main.storyboard in Resources */,
				278DAE5619FCAEC500EB804B /* LaunchScreen.xib in Resources */,
				278DAE5319FCAEC500EB804B /* Images.xcassets in Resources */,
			);
			runOnlyForDeploymentPostprocessing = 0;
		};
/* End PBXResourcesBuildPhase section */

/* Begin PBXShellScriptBuildPhase section */
		2EB8F46DEB35410AE85DC26F /* Embed Pods Frameworks */ = {
			isa = PBXShellScriptBuildPhase;
			buildActionMask = 2147483647;
			files = (
			);
			inputPaths = (
			);
			name = "Embed Pods Frameworks";
			outputPaths = (
			);
			runOnlyForDeploymentPostprocessing = 0;
			shellPath = /bin/sh;
			shellScript = "\"${SRCROOT}/Pods/Target Support Files/Pods-HelloMyoSwift/Pods-HelloMyoSwift-frameworks.sh\"\n";
			showEnvVarsInLog = 0;
		};
		6039143AA5F5ED11D160CB38 /* Check Pods Manifest.lock */ = {
			isa = PBXShellScriptBuildPhase;
			buildActionMask = 2147483647;
			files = (
			);
			inputPaths = (
			);
			name = "Check Pods Manifest.lock";
			outputPaths = (
			);
			runOnlyForDeploymentPostprocessing = 0;
			shellPath = /bin/sh;
			shellScript = "diff \"${PODS_ROOT}/../Podfile.lock\" \"${PODS_ROOT}/Manifest.lock\" > /dev/null\nif [[ $? != 0 ]] ; then\n    cat << EOM\nerror: The sandbox is not in sync with the Podfile.lock. Run 'pod install' or update your CocoaPods installation.\nEOM\n    exit 1\nfi\n";
			showEnvVarsInLog = 0;
		};
		86CFD56E42886DA0A94B23DD /* Copy Pods Resources */ = {
			isa = PBXShellScriptBuildPhase;
			buildActionMask = 2147483647;
			files = (
			);
			inputPaths = (
			);
			name = "Copy Pods Resources";
			outputPaths = (
			);
			runOnlyForDeploymentPostprocessing = 0;
			shellPath = /bin/sh;
			shellScript = "\"${SRCROOT}/Pods/Target Support Files/Pods-HelloMyoSwift/Pods-HelloMyoSwift-resources.sh\"\n";
			showEnvVarsInLog = 0;
		};
/* End PBXShellScriptBuildPhase section */

/* Begin PBXSourcesBuildPhase section */
		278DAE3F19FCAEC500EB804B /* Sources */ = {
			isa = PBXSourcesBuildPhase;
			buildActionMask = 2147483647;
			files = (
				278DAE4E19FCAEC500EB804B /* ViewController.swift in Sources */,
				270BA9A019FD18CB0066528B /* GLKitPolyfill.m in Sources */,
				270BA99719FD04970066528B /* README.md in Sources */,
				278DAE4919FCAEC500EB804B /* AppDelegate.swift in Sources */,
			);
			runOnlyForDeploymentPostprocessing = 0;
		};
/* End PBXSourcesBuildPhase section */

/* Begin PBXVariantGroup section */
		278DAE4F19FCAEC500EB804B /* Main.storyboard */ = {
			isa = PBXVariantGroup;
			children = (
				278DAE5019FCAEC500EB804B /* Base */,
			);
			name = Main.storyboard;
			sourceTree = "<group>";
		};
		278DAE5419FCAEC500EB804B /* LaunchScreen.xib */ = {
			isa = PBXVariantGroup;
			children = (
				278DAE5519FCAEC500EB804B /* Base */,
			);
			name = LaunchScreen.xib;
			sourceTree = "<group>";
		};
/* End PBXVariantGroup section */

/* Begin XCBuildConfiguration section */
		278DAE6319FCAEC500EB804B /* Debug */ = {
			isa = XCBuildConfiguration;
			buildSettings = {
				ALWAYS_SEARCH_USER_PATHS = NO;
				CLANG_CXX_LANGUAGE_STANDARD = "gnu++0x";
				CLANG_CXX_LIBRARY = "libc++";
				CLANG_ENABLE_MODULES = YES;
				CLANG_ENABLE_OBJC_ARC = YES;
				CLANG_WARN_BOOL_CONVERSION = YES;
				CLANG_WARN_CONSTANT_CONVERSION = YES;
				CLANG_WARN_DIRECT_OBJC_ISA_USAGE = YES_ERROR;
				CLANG_WARN_EMPTY_BODY = YES;
				CLANG_WARN_ENUM_CONVERSION = YES;
				CLANG_WARN_INT_CONVERSION = YES;
				CLANG_WARN_OBJC_ROOT_CLASS = YES_ERROR;
				CLANG_WARN_UNREACHABLE_CODE = YES;
				CLANG_WARN__DUPLICATE_METHOD_MATCH = YES;
				"CODE_SIGN_IDENTITY[sdk=iphoneos*]" = "iPhone Developer";
				COPY_PHASE_STRIP = NO;
				ENABLE_STRICT_OBJC_MSGSEND = YES;
				GCC_C_LANGUAGE_STANDARD = gnu99;
				GCC_DYNAMIC_NO_PIC = NO;
				GCC_OPTIMIZATION_LEVEL = 0;
				GCC_PREPROCESSOR_DEFINITIONS = (
					"DEBUG=1",
					"$(inherited)",
				);
				GCC_SYMBOLS_PRIVATE_EXTERN = NO;
				GCC_WARN_64_TO_32_BIT_CONVERSION = YES;
				GCC_WARN_ABOUT_RETURN_TYPE = YES_ERROR;
				GCC_WARN_UNDECLARED_SELECTOR = YES;
				GCC_WARN_UNINITIALIZED_AUTOS = YES_AGGRESSIVE;
				GCC_WARN_UNUSED_FUNCTION = YES;
				GCC_WARN_UNUSED_VARIABLE = YES;
				IPHONEOS_DEPLOYMENT_TARGET = 9.0;
				MTL_ENABLE_DEBUG_INFO = YES;
				ONLY_ACTIVE_ARCH = YES;
				SDKROOT = iphoneos;
				SWIFT_OBJC_BRIDGING_HEADER = "HelloMyoSwift-Bridging-Header.h";
				SWIFT_OPTIMIZATION_LEVEL = "-Onone";
				TARGETED_DEVICE_FAMILY = "1,2";
			};
			name = Debug;
		};
		278DAE6419FCAEC500EB804B /* Release */ = {
			isa = XCBuildConfiguration;
			buildSettings = {
				ALWAYS_SEARCH_USER_PATHS = NO;
				CLANG_CXX_LANGUAGE_STANDARD = "gnu++0x";
				CLANG_CXX_LIBRARY = "libc++";
				CLANG_ENABLE_MODULES = YES;
				CLANG_ENABLE_OBJC_ARC = YES;
				CLANG_WARN_BOOL_CONVERSION = YES;
				CLANG_WARN_CONSTANT_CONVERSION = YES;
				CLANG_WARN_DIRECT_OBJC_ISA_USAGE = YES_ERROR;
				CLANG_WARN_EMPTY_BODY = YES;
				CLANG_WARN_ENUM_CONVERSION = YES;
				CLANG_WARN_INT_CONVERSION = YES;
				CLANG_WARN_OBJC_ROOT_CLASS = YES_ERROR;
				CLANG_WARN_UNREACHABLE_CODE = YES;
				CLANG_WARN__DUPLICATE_METHOD_MATCH = YES;
				"CODE_SIGN_IDENTITY[sdk=iphoneos*]" = "iPhone Developer";
				COPY_PHASE_STRIP = YES;
				ENABLE_NS_ASSERTIONS = NO;
				ENABLE_STRICT_OBJC_MSGSEND = YES;
				GCC_C_LANGUAGE_STANDARD = gnu99;
				GCC_WARN_64_TO_32_BIT_CONVERSION = YES;
				GCC_WARN_ABOUT_RETURN_TYPE = YES_ERROR;
				GCC_WARN_UNDECLARED_SELECTOR = YES;
				GCC_WARN_UNINITIALIZED_AUTOS = YES_AGGRESSIVE;
				GCC_WARN_UNUSED_FUNCTION = YES;
				GCC_WARN_UNUSED_VARIABLE = YES;
				IPHONEOS_DEPLOYMENT_TARGET = 9.0;
				MTL_ENABLE_DEBUG_INFO = NO;
				SDKROOT = iphoneos;
				SWIFT_OBJC_BRIDGING_HEADER = "HelloMyoSwift-Bridging-Header.h";
				TARGETED_DEVICE_FAMILY = "1,2";
				VALIDATE_PRODUCT = YES;
			};
			name = Release;
		};
		278DAE6619FCAEC500EB804B /* Debug */ = {
			isa = XCBuildConfiguration;
			baseConfigurationReference = 8C187AF24E8B9C6EA4055D31 /* Pods-HelloMyoSwift.debug.xcconfig */;
			buildSettings = {
				ASSETCATALOG_COMPILER_APPICON_NAME = AppIcon;
				ENABLE_BITCODE = NO;
				FRAMEWORK_SEARCH_PATHS = (
					"$(inherited)",
					"$(PROJECT_DIR)/HelloMyoSwift",
				);
				INFOPLIST_FILE = HelloMyoSwift/Info.plist;
				LD_RUNPATH_SEARCH_PATHS = "$(inherited) @executable_path/Frameworks";
				PRODUCT_NAME = "$(TARGET_NAME)";
				SWIFT_OBJC_BRIDGING_HEADER = "HelloMyoSwift-Bridging-Header.h";
			};
			name = Debug;
		};
		278DAE6719FCAEC500EB804B /* Release */ = {
			isa = XCBuildConfiguration;
			baseConfigurationReference = 4279A39FA17BDF918B6F1A3F /* Pods-HelloMyoSwift.release.xcconfig */;
			buildSettings = {
				ASSETCATALOG_COMPILER_APPICON_NAME = AppIcon;
				ENABLE_BITCODE = NO;
				FRAMEWORK_SEARCH_PATHS = (
					"$(inherited)",
					"$(PROJECT_DIR)/HelloMyoSwift",
				);
				INFOPLIST_FILE = HelloMyoSwift/Info.plist;
				LD_RUNPATH_SEARCH_PATHS = "$(inherited) @executable_path/Frameworks";
				PRODUCT_NAME = "$(TARGET_NAME)";
				SWIFT_OBJC_BRIDGING_HEADER = "HelloMyoSwift-Bridging-Header.h";
			};
			name = Release;
		};
/* End XCBuildConfiguration section */

/* Begin XCConfigurationList section */
		278DAE3E19FCAEC500EB804B /* Build configuration list for PBXProject "HelloMyoSwift" */ = {
			isa = XCConfigurationList;
			buildConfigurations = (
				278DAE6319FCAEC500EB804B /* Debug */,
				278DAE6419FCAEC500EB804B /* Release */,
			);
			defaultConfigurationIsVisible = 0;
			defaultConfigurationName = Release;
		};
		278DAE6519FCAEC500EB804B /* Build configuration list for PBXNativeTarget "HelloMyoSwift" */ = {
			isa = XCConfigurationList;
			buildConfigurations = (
				278DAE6619FCAEC500EB804B /* Debug */,
				278DAE6719FCAEC500EB804B /* Release */,
			);
			defaultConfigurationIsVisible = 0;
			defaultConfigurationName = Release;
		};
/* End XCConfigurationList section */
	};
	rootObject = 278DAE3B19FCAEC500EB804B /* Project object */;
}
